DATA_DIR: "./{insert location of files}"
FILE_LIST: "./{insert name of file list}.txt"

NAME: "{insert name of model} Example:googlenet_c30_train300k_aug10_clean"
TRAINER: "base"
PREDICTOR: "base"
EVALUATION: "base"
MODEL: "GoogleNet"
DATASET:    "axial2d"
RESULTS_DIR: "./results"
LOG_FILE: "./results/{insert name of model}/log/train.txt"

ITER_FILE: "./results/{insert name of model}/log/iter.txt"

MODEL_DIR: "./results/{insert name of model}/model"
MODEL_NAME: "googlenet"
MODEL_TYPE: "googlenet"

LOG_STEP: 10000
LEAK: 0.2
BATCH_SIZE: 4
LEARNING_RATE: 0.00005
TRAIN_STEPS: 300000
BATCH_SIZE: 4
L2_REG: 0.0
NUM_FILTERS: 32

IMAGE_TYPE: "BLUR"
BLUR_SIGMA: 3

AUGMENT: true
AUGMENT_FACTOR: 10
AUGMENT_R_SCALE: 0.65
CENTER: true

INPUT_DIMS:
  - 160
  - 160
  - 1

BALANCE_RADIUS: false
R_SMALL: 0.75
N_SAMPLE: 10000

SPACING: 0.029
DIMS: 240
CENTER_DIMS: 200
CROP_DIMS: 160
NUM_CHANNELS: 1
NUM_CONTOUR_POINTS: 30

DROPOUT: 0.6

INIT: 'xavier'

VAL_PATTERNS:
  - OSMSC0110_CLEAN
  - cabg5_CLEAN
  - OSMSC0082_CLEAN
  - OSMSC0003_CLEAN

TEST_PATTERNS:
  - OSMSC0006
  - OSMSC0080
  - OSMSC0083
  - OSMSC0101
  - OSMSC0110
  - OSMSC0171
  - OSMSC0178
  - OSMSC0119
  - OSMSC0144
  - OSMSC0148
  - OSMSC0150
  - OSMSC0170
  - OSMSC0177
  - cabg11
  - "0144_1001"
  - "0145_1001"
  - "0146_1001"
  - "0147_1001"
  - "0148_1001"
  - "0149_1001"
  - "0150_0001"
  - "0151_0001"
  - "0154_0001"
  - "0155_0001"
  - "0156_0001"
  - "0157_0000"
  - "0160_6001"
  - "0161_0001"
  - "0162_3001"
  - "0163_0001"
  - "0166_0001"
  - "0167_0001"
  - "0172_0001"
  - "0173_1001"
  - "0174_0000"
  - "0175_0000"
  - "0176_0000"
  - "0183_1002"
  - "0184_0001"
  - "0185_0001"
  - "0186_0002"
  - "0187_0002"
  - "0188_0001"
  - "0189_0001"

TRAIN_PATTERNS:
  - OSMSC0001
  - OSMSC0002
  - OSMSC0004
  - OSMSC0005
  - OSMSC0066
  - OSMSC0068
  - OSMSC0069
  - OSMSC0071
  - OSMSC0072
  - OSMSC0073
  - OSMSC0074
  - OSMSC0078
  - OSMSC0079
  - OSMSC0085
  - OSMSC0087
  - OSMSC0090
  - OSMSC0092
  - OSMSC0093
  - OSMSC0094
  - OSMSC0095
  - OSMSC0096
  - OSMSC0097
  - OSMSC0098
  - OSMSC0099
  - OSMSC0100
  - OSMSC0103
  - OSMSC0104
  - OSMSC0105
  - OSMSC0106
  - OSMSC0108
  - OSMSC0109
  - OSMSC0113
  - OSMSC0115
  - OSMSC0116
  - OSMSC0117
  - OSMSC0118
  - OSMSC0119
  - OSMSC0121
  - OSMSC0125
  - OSMSC0126
  - OSMSC0129
  - OSMSC0130
  - OSMSC0131
  - OSMSC0134
  - OSMSC0135
  - OSMSC0136
  - OSMSC0138
  - OSMSC0139
  - OSMSC0140
  - OSMSC0141
  - OSMSC0142
  - OSMSC0143
  - OSMSC0145
  - OSMSC0146
  - OSMSC0147
  - OSMSC0149
  - OSMSC0150
  - OSMSC0151
  - OSMSC0156
  - OSMSC0157
  - OSMSC0158
  - OSMSC0159
  - OSMSC0160
  - OSMSC0161
  - OSMSC0162
  - OSMSC0163
  - OSMSC0166
  - OSMSC0167
  - OSMSC0168
  - OSMSC0169
  - OSMSC0172
  - OSMSC0173
  - OSMSC0174
  - OSMSC0175
  - OSMSC0176
  - OSMSC0178
  - OSMSC0179
  - OSMSC0180
  - OSMSC0181
  - OSMSC0182
  - OSMSC0183
  - OSMSC0184
  - OSMSC0185
  - OSMSC0186
  - OSMSC0187
  - OSMSC0189
  - "0002_0001"
  - "0003_0001"
  - "0005_1001"
  - "0006_0001"
  - "0063_0001"
  - "0063_1001"
  - "0064_0001"
  - "0065_0001"
  - "0065_1001"
  - "0066_0001"
  - "0068_0001"
  - "0069_0001"
  - "0071_0001"
  - "0072_0001"
  - "0073_0001"
  - "0074_0001"
  - "0075_0001"
  - "0076_1001"
  - "0077_0001"
  - "0078_0001"
  - "0079_0001"
  - "0080_0001"
  - "0081_0001"
  - "0082_0001"
  - "0083_2002"
  - "0084_0001"
  - "0085_1001"
  - "0086_0001"
  - "0087_1001"
  - "0090_0001"
  - "0091_0001"
  - "0092_0001"
  - "0093_0001"
  - "0094_0001"
  - "0095_0001"
  - "0096_0001"
  - "0097_0001"
  - "0098_0001"
  - "0099_0001"
  - "0101_0001"
  - "0102_0001"
  - "0103_0001"
  - "0104_0001"
  - "0105_0001"
  - "0106_0001"
  - "0107_0001"
  - "0110_0001"
  - "0111_0001"
  - "0118_1000"
  - "0119_0001"
  - "0125_0001"
  - "0126_0001"
  - "0129_0000"
  - "0130_0000"
  - "0131_0000"
  - "0134_0002"
  - "0138_1001"
  - "0139_1001"
  - "0140_2001"
  - "0141_1001"
  - "0142_1001"
